
Microsoft Visual Studio Solution File, Format Version 12.00
# Visual Studio Version 16
VisualStudioVersion = 16.0.31005.135
MinimumVisualStudioVersion = 10.0.40219.1
Project("{FAE04EC0-301F-11D3-BF4B-00C04F79EFBC}") = "OOP4", "OOP4\OOP4.csproj", "{C9B2D026-46BC-4226-87AA-C365598710E2}"
EndProject
Project("{FAE04EC0-301F-11D3-BF4B-00C04F79EFBC}") = "UnitTestProject1", "UnitTestProject1\UnitTestProject1.csproj", "{32568FF0-3285-4328-818A-FADED954C529}"
EndProject
Global
	GlobalSection(SolutionConfigurationPlatforms) = preSolution
		Debug|Any CPU = Debug|Any CPU
		Release|Any CPU = Release|Any CPU
	EndGlobalSection
	GlobalSection(ProjectConfigurationPlatforms) = postSolution
		{C9B2D026-46BC-4226-87AA-C365598710E2}.Debug|Any CPU.ActiveCfg = Debug|Any CPU
		{C9B2D026-46BC-4226-87AA-C365598710E2}.Debug|Any CPU.Build.0 = Debug|Any CPU
		{C9B2D026-46BC-4226-87AA-C365598710E2}.Release|Any CPU.ActiveCfg = Release|Any CPU
		{C9B2D026-46BC-4226-87AA-C365598710E2}.Release|Any CPU.Build.0 = Release|Any CPU
		{32568FF0-3285-4328-818A-FADED954C529}.Debug|Any CPU.ActiveCfg = Debug|Any CPU
		{32568FF0-3285-4328-818A-FADED954C529}.Debug|Any CPU.Build.0 = Debug|Any CPU
		{32568FF0-3285-4328-818A-FADED954C529}.Release|Any CPU.ActiveCfg = Release|Any CPU
		{32568FF0-3285-4328-818A-FADED954C529}.Release|Any CPU.Build.0 = Release|Any CPU
	EndGlobalSection
	GlobalSection(SolutionProperties) = preSolution
		HideSolutionNode = FALSE
	EndGlobalSection
	GlobalSection(ExtensibilityGlobals) = postSolution
		SolutionGuid = {AD819814-42F9-4DAA-8C3C-1BADE205DF25}
	EndGlobalSection
EndGlobal
